hash: 4846a66041a5130c0a1601b47eee2cab64728d1519c8ba2117470a7382813b8d
updated: 2017-04-04T02:06:58.63374057+02:00
imports:
- name: code.cloudfoundry.org/cli
  version: b9e98abf28812ef84a211237be779f11f435c8cc
  subpackages:
  - cf/flags
  - cf/formatters
  - cf/i18n
  - cf/models
  - cf/resources
  - cf/ssh/options
  - plugin
  - plugin/models
- name: github.com/ArthurHlt/gominlog
  version: 72eebf980f467d3ab3a8b4ddf660f664911ce519
- name: github.com/cheggaaa/pb
  version: 0817e3a1f8de9e3c78b159699b3c07d53e24a963
- name: github.com/fatih/color
  version: 42c364ba490082e4815b5222728711b3440603eb
  repo: https://github.com/fatih/color
- name: github.com/kr/fs
  version: 2788f0dbd16903de03cb8186e5c7d97b69ad387b
- name: github.com/mattn/go-colorable
  version: d228849504861217f796da67fae4f6e347643f15
  repo: https://github.com/mattn/go-colorable
- name: github.com/mattn/go-isatty
  version: 30a891c33c7cde7b02a981314b4228ec99380cca
  repo: https://github.com/mattn/go-isatty
- name: github.com/mattn/go-runewidth
  version: 14207d285c6c197daabb5c9793d63e7af9ab2d50
  repo: https://github.com/mattn/go-runewidth
- name: github.com/nicksnyder/go-i18n
  version: f757c9f9b69c16ff69d38dbf224be28a7b6537bb
  repo: https://github.com/nicksnyder/go-i18n
  subpackages:
  - i18n
  - i18n/bundle
  - i18n/language
  - i18n/translation
- name: github.com/pkg/errors
  version: ff09b135c25aae272398c51a07235b90a75aa4f0
- name: github.com/pkg/sftp
  version: f581f816668ae3c9aecee151cdaa1afa814a40de
- name: github.com/rjeczalik/notify
  version: 41a86457b5eea072a7e6f40bbfaf94c8df41d3aa
- name: golang.org/x/crypto
  version: 459e26527287adbc2adcc5d0d49abff9a5f315a7
  subpackages:
  - curve25519
  - ed25519
  - ed25519/internal/edwards25519
  - ssh
- name: golang.org/x/sys
  version: d75a52659825e75fff6158388dddc6a5b04f9ba5
  repo: https://go.googlesource.com/sys
  subpackages:
  - unix
- name: gopkg.in/urfave/cli.v1
  version: 0bdeddeeb0f650497d603c4ad7b20cfe685682f6
- name: gopkg.in/yaml.v2
  version: a5b47d31c556af34a302ce5d659e6fea44d90de0
  repo: https://gopkg.in/yaml.v2
testImports: []
