hash: b1047ba101822286a651cb66e35725c4b6eff8fb67e8a0b35489c89f07bc2574
updated: 2018-08-22T14:48:40.007008+02:00
imports:
- name: code.cloudfoundry.org/bytefmt
  version: b31f603f5e1e047fdb38584e1a922dcc5c4de5c8
- name: code.cloudfoundry.org/cli
  version: 9048c6b553bb90bdd92d4156d7e6a54b82a45e72
  subpackages:
  - actor/actionerror
  - api/cloudcontroller/ccerror
  - api/cloudcontroller/ccv2/constant
  - api/plugin/pluginerror
  - api/uaa
  - api/uaa/constant
  - api/uaa/internal
  - cf/flags
  - cf/formatters
  - cf/i18n
  - cf/models
  - cf/ssh/options
  - command/translatableerror
  - i18n/resources
  - plugin
  - plugin/models
  - types
  - util
  - util/clissh/ssherror
  - util/configv3
  - util/download
  - util/manifest
  - util/ui
  - version
- name: github.com/ArthurHlt/gominlog
  version: 72eebf980f467d3ab3a8b4ddf660f664911ce519
- name: github.com/blang/semver
  version: 3c1074078d32d767e08ab2c8564867292da86926
- name: github.com/bmatcuk/doublestar
  version: 85a78806aa1b4707d1dbace9be592cf1ece91ab3
- name: github.com/charlievieth/fs
  version: 7dc373669fa10ddf827c37c595dee30a2f001be9
- name: github.com/cheggaaa/pb
  version: 2af8bbdea9e99e83b3ac400d8f6b6d1b8cbbf338
- name: github.com/cloudfoundry/bosh-cli
  version: 14b04789e7bf7c7e2e5ce35dbaf3b52c00bb1569
  subpackages:
  - director/template
- name: github.com/cloudfoundry/bosh-utils
  version: 407dd7546455f1a0a50feba2dcaef0ae88da1810
  subpackages:
  - errors
  - logger
  - system
- name: github.com/cppforlife/go-patch
  version: 250da0e0e68ce3367b4302f34218f6c064eb9559
  subpackages:
  - patch
- name: github.com/fatih/color
  version: 2d684516a8861da43017284349b7e303e809ac21
- name: github.com/kr/fs
  version: 1455def202f6e05b95cc7bfc7e8ae67ae5141eba
- name: github.com/lunixbochs/vtclean
  version: 2d01aacdc34a083dca635ba869909f5fc0cd4f41
- name: github.com/mattn/go-colorable
  version: efa589957cd060542a26d2dd7832fd6a6c6c3ade
- name: github.com/mattn/go-isatty
  version: 6ca4dbf54d38eea1a992b3c722a76a5d1c4cb25c
- name: github.com/mattn/go-runewidth
  version: ce7b0b5c7b45a81508558cd1dba6bb1e4ddb51bb
- name: github.com/monochromegane/go-gitignore
  version: 38717d0a108ca0e5af632cd6845ca77d45b50729
- name: github.com/pkg/errors
  version: 816c9085562cd7ee03e7f8188a1cfd942858cded
- name: github.com/pkg/sftp
  version: fe93131e0a925a116ad9296296bb40c3373d69eb
- name: github.com/rjeczalik/notify
  version: 4e54e7fd043e865c50bda93359fb78813a8d165b
- name: github.com/SermoDigital/jose
  version: 803625baeddc3526d01d321b5066029f53eafc81
  subpackages:
  - crypto
  - jws
  - jwt
- name: github.com/sirupsen/logrus
  version: fc587f31c804fe6853cd90f0d8d90af588eca5bd
- name: github.com/vito/go-interact
  version: fa338ed9e9ecbb0e9c2e6c7a0160d9fc9b0efbd9
  subpackages:
  - interact
  - interact/terminal
- name: golang.org/x/crypto
  version: 614d502a4dac94afa3a6ce146bd1736da82514c6
  subpackages:
  - curve25519
  - ed25519
  - ed25519/internal/edwards25519
  - internal/chacha20
  - internal/subtle
  - poly1305
  - ssh
  - ssh/terminal
- name: golang.org/x/sys
  version: 3b58ed4ad3395d483fc92d5d14123ce2c3581fec
  subpackages:
  - unix
  - windows
- name: golang.org/x/text
  version: 6e3c4e7365ddcc329f090f96e4348398f6310088
  subpackages:
  - internal/language
  - internal/language/compact
  - internal/tag
  - language
- name: gopkg.in/cheggaaa/pb.v1
  version: 2af8bbdea9e99e83b3ac400d8f6b6d1b8cbbf338
- name: gopkg.in/urfave/cli.v1
  version: cfb38830724cc34fedffe9a2a29fb54fa9169cd1
- name: gopkg.in/yaml.v2
  version: 5420a8b6744d3b0345ab293f6fcba19c978f1183
testImports: []
